
Microsoft Visual Studio Solution File, Format Version 12.00
# Visual Studio Version 17
VisualStudioVersion = 17.3.32811.315
MinimumVisualStudioVersion = 10.0.40219.1
Project("{FAE04EC0-301F-11D3-BF4B-00C04F79EFBC}") = "Ex01", "Ex01\Ex01.csproj", "{5BB3F4FC-CD5F-412B-B0D6-5179D1287F0A}"
EndProject
Project("{FAE04EC0-301F-11D3-BF4B-00C04F79EFBC}") = "Ex02", "Ex02\Ex02.csproj", "{28C6B5A6-74A0-4A95-B2F7-611C2F488B3A}"
EndProject
Global
	GlobalSection(SolutionConfigurationPlatforms) = preSolution
		Debug|Any CPU = Debug|Any CPU
		Release|Any CPU = Release|Any CPU
	EndGlobalSection
	GlobalSection(ProjectConfigurationPlatforms) = postSolution
		{5BB3F4FC-CD5F-412B-B0D6-5179D1287F0A}.Debug|Any CPU.ActiveCfg = Debug|Any CPU
		{5BB3F4FC-CD5F-412B-B0D6-5179D1287F0A}.Debug|Any CPU.Build.0 = Debug|Any CPU
		{5BB3F4FC-CD5F-412B-B0D6-5179D1287F0A}.Release|Any CPU.ActiveCfg = Release|Any CPU
		{5BB3F4FC-CD5F-412B-B0D6-5179D1287F0A}.Release|Any CPU.Build.0 = Release|Any CPU
		{28C6B5A6-74A0-4A95-B2F7-611C2F488B3A}.Debug|Any CPU.ActiveCfg = Debug|Any CPU
		{28C6B5A6-74A0-4A95-B2F7-611C2F488B3A}.Debug|Any CPU.Build.0 = Debug|Any CPU
		{28C6B5A6-74A0-4A95-B2F7-611C2F488B3A}.Release|Any CPU.ActiveCfg = Release|Any CPU
		{28C6B5A6-74A0-4A95-B2F7-611C2F488B3A}.Release|Any CPU.Build.0 = Release|Any CPU
	EndGlobalSection
	GlobalSection(SolutionProperties) = preSolution
		HideSolutionNode = FALSE
	EndGlobalSection
	GlobalSection(ExtensibilityGlobals) = postSolution
		SolutionGuid = {B469459D-B2AE-4122-9E67-8F82DCA5E0DD}
	EndGlobalSection
EndGlobal
